// !$*UTF8*$!
{
	archiveVersion = 1;
	classes = {
	};
	objectVersion = 50;
	objects = {

/* Begin PBXBuildFile section */
		40D760F720B522CA008BB1CD /* test_LR71.swift in Sources */ = {isa = PBXBuildFile; fileRef = 40D760F620B522CA008BB1CD /* test_LR71.swift */; };
		40D760FC20B522E8008BB1CD /* main.swift in Sources */ = {isa = PBXBuildFile; fileRef = 40E8B24920B1880200A2FEEE /* main.swift */; };
		40E8B24A20B1880200A2FEEE /* main.swift in Sources */ = {isa = PBXBuildFile; fileRef = 40E8B24920B1880200A2FEEE /* main.swift */; };
/* End PBXBuildFile section */

/* Begin PBXCopyFilesBuildPhase section */
		40E8B24420B1880200A2FEEE /* CopyFiles */ = {
			isa = PBXCopyFilesBuildPhase;
			buildActionMask = 2147483647;
			dstPath = /usr/share/man/man1/;
			dstSubfolderSpec = 0;
			files = (
			);
			runOnlyForDeploymentPostprocessing = 1;
		};
/* End PBXCopyFilesBuildPhase section */

/* Begin PBXFileReference section */
		40D760F420B522CA008BB1CD /* test_LR71.xctest */ = {isa = PBXFileReference; explicitFileType = wrapper.cfbundle; includeInIndex = 0; path = test_LR71.xctest; sourceTree = BUILT_PRODUCTS_DIR; };
		40D760F620B522CA008BB1CD /* test_LR71.swift */ = {isa = PBXFileReference; lastKnownFileType = sourcecode.swift; path = test_LR71.swift; sourceTree = "<group>"; };
		40D760F820B522CA008BB1CD /* Info.plist */ = {isa = PBXFileReference; lastKnownFileType = text.plist.xml; path = Info.plist; sourceTree = "<group>"; };
		40E8B24620B1880200A2FEEE /* LR71 */ = {isa = PBXFileReference; explicitFileType = "compiled.mach-o.executable"; includeInIndex = 0; path = LR71; sourceTree = BUILT_PRODUCTS_DIR; };
		40E8B24920B1880200A2FEEE /* main.swift */ = {isa = PBXFileReference; lastKnownFileType = sourcecode.swift; path = main.swift; sourceTree = "<group>"; };
/* End PBXFileReference section */

/* Begin PBXFrameworksBuildPhase section */
		40D760F120B522CA008BB1CD /* Frameworks */ = {
			isa = PBXFrameworksBuildPhase;
			buildActionMask = 2147483647;
			files = (
			);
			runOnlyForDeploymentPostprocessing = 0;
		};
		40E8B24320B1880200A2FEEE /* Frameworks */ = {
			isa = PBXFrameworksBuildPhase;
			buildActionMask = 2147483647;
			files = (
			);
			runOnlyForDeploymentPostprocessing = 0;
		};
/* End PBXFrameworksBuildPhase section */

/* Begin PBXGroup section */
		40D760F520B522CA008BB1CD /* test_LR71 */ = {
			isa = PBXGroup;
			children = (
				40D760F620B522CA008BB1CD /* test_LR71.swift */,
				40D760F820B522CA008BB1CD /* Info.plist */,
			);
			path = test_LR71;
			sourceTree = "<group>";
		};
		40E8B23D20B1880200A2FEEE = {
			isa = PBXGroup;
			children = (
				40E8B24820B1880200A2FEEE /* LR71 */,
				40D760F520B522CA008BB1CD /* test_LR71 */,
				40E8B24720B1880200A2FEEE /* Products */,
			);
			sourceTree = "<group>";
		};
		40E8B24720B1880200A2FEEE /* Products */ = {
			isa = PBXGroup;
			children = (
				40E8B24620B1880200A2FEEE /* LR71 */,
				40D760F420B522CA008BB1CD /* test_LR71.xctest */,
			);
			name = Products;
			sourceTree = "<group>";
		};
		40E8B24820B1880200A2FEEE /* LR71 */ = {
			isa = PBXGroup;
			children = (
				40E8B24920B1880200A2FEEE /* main.swift */,
			);
			path = LR71;
			sourceTree = "<group>";
		};
/* End PBXGroup section */

/* Begin PBXNativeTarget section */
		40D760F320B522CA008BB1CD /* test_LR71 */ = {
			isa = PBXNativeTarget;
			buildConfigurationList = 40D760FB20B522CA008BB1CD /* Build configuration list for PBXNativeTarget "test_LR71" */;
			buildPhases = (
				40D760F020B522CA008BB1CD /* Sources */,
				40D760F120B522CA008BB1CD /* Frameworks */,
				40D760F220B522CA008BB1CD /* Resources */,
			);
			buildRules = (
			);
			dependencies = (
			);
			name = test_LR71;
			productName = test_LR71;
			productReference = 40D760F420B522CA008BB1CD /* test_LR71.xctest */;
			productType = "com.apple.product-type.bundle.unit-test";
		};
		40E8B24520B1880200A2FEEE /* LR71 */ = {
			isa = PBXNativeTarget;
			buildConfigurationList = 40E8B24D20B1880200A2FEEE /* Build configuration list for PBXNativeTarget "LR71" */;
			buildPhases = (
				40E8B24220B1880200A2FEEE /* Sources */,
				40E8B24320B1880200A2FEEE /* Frameworks */,
				40E8B24420B1880200A2FEEE /* CopyFiles */,
			);
			buildRules = (
			);
			dependencies = (
			);
			name = LR71;
			productName = LR71;
			productReference = 40E8B24620B1880200A2FEEE /* LR71 */;
			productType = "com.apple.product-type.tool";
		};
/* End PBXNativeTarget section */

/* Begin PBXProject section */
		40E8B23E20B1880200A2FEEE /* Project object */ = {
			isa = PBXProject;
			attributes = {
				LastSwiftUpdateCheck = 0930;
				LastUpgradeCheck = 0930;
				ORGANIZATIONNAME = Marty;
				TargetAttributes = {
					40D760F320B522CA008BB1CD = {
						CreatedOnToolsVersion = 9.3.1;
					};
					40E8B24520B1880200A2FEEE = {
						CreatedOnToolsVersion = 9.3;
					};
				};
			};
			buildConfigurationList = 40E8B24120B1880200A2FEEE /* Build configuration list for PBXProject "LR71" */;
			compatibilityVersion = "Xcode 9.3";
			developmentRegion = en;
			hasScannedForEncodings = 0;
			knownRegions = (
				en,
			);
			mainGroup = 40E8B23D20B1880200A2FEEE;
			productRefGroup = 40E8B24720B1880200A2FEEE /* Products */;
			projectDirPath = "";
			projectRoot = "";
			targets = (
				40E8B24520B1880200A2FEEE /* LR71 */,
				40D760F320B522CA008BB1CD /* test_LR71 */,
			);
		};
/* End PBXProject section */

/* Begin PBXResourcesBuildPhase section */
		40D760F220B522CA008BB1CD /* Resources */ = {
			isa = PBXResourcesBuildPhase;
			buildActionMask = 2147483647;
			files = (
			);
			runOnlyForDeploymentPostprocessing = 0;
		};
/* End PBXResourcesBuildPhase section */

/* Begin PBXSourcesBuildPhase section */
		40D760F020B522CA008BB1CD /* Sources */ = {
			isa = PBXSourcesBuildPhase;
			buildActionMask = 2147483647;
			files = (
				40D760FC20B522E8008BB1CD /* main.swift in Sources */,
				40D760F720B522CA008BB1CD /* test_LR71.swift in Sources */,
			);
			runOnlyForDeploymentPostprocessing = 0;
		};
		40E8B24220B1880200A2FEEE /* Sources */ = {
			isa = PBXSourcesBuildPhase;
			buildActionMask = 2147483647;
			files = (
				40E8B24A20B1880200A2FEEE /* main.swift in Sources */,
			);
			runOnlyForDeploymentPostprocessing = 0;
		};
/* End PBXSourcesBuildPhase section */

/* Begin XCBuildConfiguration section */
		40D760F920B522CA008BB1CD /* Debug */ = {
			isa = XCBuildConfiguration;
			buildSettings = {
				CODE_SIGN_STYLE = Automatic;
				COMBINE_HIDPI_IMAGES = YES;
				DEVELOPMENT_TEAM = 35DL4KA652;
				INFOPLIST_FILE = test_LR71/Info.plist;
				LD_RUNPATH_SEARCH_PATHS = (
					"$(inherited)",
					"@executable_path/../Frameworks",
					"@loader_path/../Frameworks",
				);
				PRODUCT_BUNDLE_IDENTIFIER = "MTY.test-LR71";
				PRODUCT_NAME = "$(TARGET_NAME)";
				SWIFT_VERSION = 4.0;
			};
			name = Debug;
		};
		40D760FA20B522CA008BB1CD /* Release */ = {
			isa = XCBuildConfiguration;
			buildSettings = {
				CODE_SIGN_STYLE = Automatic;
				COMBINE_HIDPI_IMAGES = YES;
				DEVELOPMENT_TEAM = 35DL4KA652;
				INFOPLIST_FILE = test_LR71/Info.plist;
				LD_RUNPATH_SEARCH_PATHS = (
					"$(inherited)",
					"@executable_path/../Frameworks",
					"@loader_path/../Frameworks",
				);
				PRODUCT_BUNDLE_IDENTIFIER = "MTY.test-LR71";
				PRODUCT_NAME = "$(TARGET_NAME)";
				SWIFT_VERSION = 4.0;
			};
			name = Release;
		};
		40E8B24B20B1880200A2FEEE /* Debug */ = {
			isa = XCBuildConfiguration;
			buildSettings = {
				ALWAYS_SEARCH_USER_PATHS = NO;
				CLANG_ANALYZER_NONNULL = YES;
				CLANG_ANALYZER_NUMBER_OBJECT_CONVERSION = YES_AGGRESSIVE;
				CLANG_CXX_LANGUAGE_STANDARD = "gnu++14";
				CLANG_CXX_LIBRARY = "libc++";
				CLANG_ENABLE_MODULES = YES;
				CLANG_ENABLE_OBJC_ARC = YES;
				CLANG_ENABLE_OBJC_WEAK = YES;
				CLANG_WARN_BLOCK_CAPTURE_AUTORELEASING = YES;
				CLANG_WARN_BOOL_CONVERSION = YES;
				CLANG_WARN_COMMA = YES;
				CLANG_WARN_CONSTANT_CONVERSION = YES;
				CLANG_WARN_DEPRECATED_OBJC_IMPLEMENTATIONS = YES;
				CLANG_WARN_DIRECT_OBJC_ISA_USAGE = YES_ERROR;
				CLANG_WARN_DOCUMENTATION_COMMENTS = YES;
				CLANG_WARN_EMPTY_BODY = YES;
				CLANG_WARN_ENUM_CONVERSION = YES;
				CLANG_WARN_INFINITE_RECURSION = YES;
				CLANG_WARN_INT_CONVERSION = YES;
				CLANG_WARN_NON_LITERAL_NULL_CONVERSION = YES;
				CLANG_WARN_OBJC_IMPLICIT_RETAIN_SELF = YES;
				CLANG_WARN_OBJC_LITERAL_CONVERSION = YES;
				CLANG_WARN_OBJC_ROOT_CLASS = YES_ERROR;
				CLANG_WARN_RANGE_LOOP_ANALYSIS = YES;
				CLANG_WARN_STRICT_PROTOTYPES = YES;
				CLANG_WARN_SUSPICIOUS_MOVE = YES;
				CLANG_WARN_UNGUARDED_AVAILABILITY = YES_AGGRESSIVE;
				CLANG_WARN_UNREACHABLE_CODE = YES;
				CLANG_WARN__DUPLICATE_METHOD_MATCH = YES;
				CODE_SIGN_IDENTITY = "Mac Developer";
				COPY_PHASE_STRIP = NO;
				DEBUG_INFORMATION_FORMAT = dwarf;
				ENABLE_STRICT_OBJC_MSGSEND = YES;
				ENABLE_TESTABILITY = YES;
				GCC_C_LANGUAGE_STANDARD = gnu11;
				GCC_DYNAMIC_NO_PIC = NO;
				GCC_NO_COMMON_BLOCKS = YES;
				GCC_OPTIMIZATION_LEVEL = 0;
				GCC_PREPROCESSOR_DEFINITIONS = (
					"DEBUG=1",
					"$(inherited)",
				);
				GCC_WARN_64_TO_32_BIT_CONVERSION = YES;
				GCC_WARN_ABOUT_RETURN_TYPE = YES_ERROR;
				GCC_WARN_UNDECLARED_SELECTOR = YES;
				GCC_WARN_UNINITIALIZED_AUTOS = YES_AGGRESSIVE;
				GCC_WARN_UNUSED_FUNCTION = YES;
				GCC_WARN_UNUSED_VARIABLE = YES;
				MACOSX_DEPLOYMENT_TARGET = 10.13;
				MTL_ENABLE_DEBUG_INFO = YES;
				ONLY_ACTIVE_ARCH = YES;
				SDKROOT = macosx;
				SWIFT_ACTIVE_COMPILATION_CONDITIONS = DEBUG;
				SWIFT_OPTIMIZATION_LEVEL = "-Onone";
			};
			name = Debug;
		};
		40E8B24C20B1880200A2FEEE /* Release */ = {
			isa = XCBuildConfiguration;
			buildSettings = {
				ALWAYS_SEARCH_USER_PATHS = NO;
				CLANG_ANALYZER_NONNULL = YES;
				CLANG_ANALYZER_NUMBER_OBJECT_CONVERSION = YES_AGGRESSIVE;
				CLANG_CXX_LANGUAGE_STANDARD = "gnu++14";
				CLANG_CXX_LIBRARY = "libc++";
				CLANG_ENABLE_MODULES = YES;
				CLANG_ENABLE_OBJC_ARC = YES;
				CLANG_ENABLE_OBJC_WEAK = YES;
				CLANG_WARN_BLOCK_CAPTURE_AUTORELEASING = YES;
				CLANG_WARN_BOOL_CONVERSION = YES;
				CLANG_WARN_COMMA = YES;
				CLANG_WARN_CONSTANT_CONVERSION = YES;
				CLANG_WARN_DEPRECATED_OBJC_IMPLEMENTATIONS = YES;
				CLANG_WARN_DIRECT_OBJC_ISA_USAGE = YES_ERROR;
				CLANG_WARN_DOCUMENTATION_COMMENTS = YES;
				CLANG_WARN_EMPTY_BODY = YES;
				CLANG_WARN_ENUM_CONVERSION = YES;
				CLANG_WARN_INFINITE_RECURSION = YES;
				CLANG_WARN_INT_CONVERSION = YES;
				CLANG_WARN_NON_LITERAL_NULL_CONVERSION = YES;
				CLANG_WARN_OBJC_IMPLICIT_RETAIN_SELF = YES;
				CLANG_WARN_OBJC_LITERAL_CONVERSION = YES;
				CLANG_WARN_OBJC_ROOT_CLASS = YES_ERROR;
				CLANG_WARN_RANGE_LOOP_ANALYSIS = YES;
				CLANG_WARN_STRICT_PROTOTYPES = YES;
				CLANG_WARN_SUSPICIOUS_MOVE = YES;
				CLANG_WARN_UNGUARDED_AVAILABILITY = YES_AGGRESSIVE;
				CLANG_WARN_UNREACHABLE_CODE = YES;
				CLANG_WARN__DUPLICATE_METHOD_MATCH = YES;
				CODE_SIGN_IDENTITY = "Mac Developer";
				COPY_PHASE_STRIP = NO;
				DEBUG_INFORMATION_FORMAT = "dwarf-with-dsym";
				ENABLE_NS_ASSERTIONS = NO;
				ENABLE_STRICT_OBJC_MSGSEND = YES;
				GCC_C_LANGUAGE_STANDARD = gnu11;
				GCC_NO_COMMON_BLOCKS = YES;
				GCC_WARN_64_TO_32_BIT_CONVERSION = YES;
				GCC_WARN_ABOUT_RETURN_TYPE = YES_ERROR;
				GCC_WARN_UNDECLARED_SELECTOR = YES;
				GCC_WARN_UNINITIALIZED_AUTOS = YES_AGGRESSIVE;
				GCC_WARN_UNUSED_FUNCTION = YES;
				GCC_WARN_UNUSED_VARIABLE = YES;
				MACOSX_DEPLOYMENT_TARGET = 10.13;
				MTL_ENABLE_DEBUG_INFO = NO;
				SDKROOT = macosx;
				SWIFT_COMPILATION_MODE = wholemodule;
				SWIFT_OPTIMIZATION_LEVEL = "-O";
			};
			name = Release;
		};
		40E8B24E20B1880200A2FEEE /* Debug */ = {
			isa = XCBuildConfiguration;
			buildSettings = {
				CODE_SIGN_STYLE = Automatic;
				DEVELOPMENT_TEAM = 35DL4KA652;
				PRODUCT_NAME = "$(TARGET_NAME)";
				SWIFT_VERSION = 4.0;
			};
			name = Debug;
		};
		40E8B24F20B1880200A2FEEE /* Release */ = {
			isa = XCBuildConfiguration;
			buildSettings = {
				CODE_SIGN_STYLE = Automatic;
				DEVELOPMENT_TEAM = 35DL4KA652;
				PRODUCT_NAME = "$(TARGET_NAME)";
				SWIFT_VERSION = 4.0;
			};
			name = Release;
		};
/* End XCBuildConfiguration section */

/* Begin XCConfigurationList section */
		40D760FB20B522CA008BB1CD /* Build configuration list for PBXNativeTarget "test_LR71" */ = {
			isa = XCConfigurationList;
			buildConfigurations = (
				40D760F920B522CA008BB1CD /* Debug */,
				40D760FA20B522CA008BB1CD /* Release */,
			);
			defaultConfigurationIsVisible = 0;
			defaultConfigurationName = Release;
		};
		40E8B24120B1880200A2FEEE /* Build configuration list for PBXProject "LR71" */ = {
			isa = XCConfigurationList;
			buildConfigurations = (
				40E8B24B20B1880200A2FEEE /* Debug */,
				40E8B24C20B1880200A2FEEE /* Release */,
			);
			defaultConfigurationIsVisible = 0;
			defaultConfigurationName = Release;
		};
		40E8B24D20B1880200A2FEEE /* Build configuration list for PBXNativeTarget "LR71" */ = {
			isa = XCConfigurationList;
			buildConfigurations = (
				40E8B24E20B1880200A2FEEE /* Debug */,
				40E8B24F20B1880200A2FEEE /* Release */,
			);
			defaultConfigurationIsVisible = 0;
			defaultConfigurationName = Release;
		};
/* End XCConfigurationList section */
	};
	rootObject = 40E8B23E20B1880200A2FEEE /* Project object */;
}
